
Microsoft Visual Studio Solution File, Format Version 12.00
# Visual Studio Version 17
VisualStudioVersion = 17.5.2.0
MinimumVisualStudioVersion = 10.0.40219.1
Project("{2150E333-8FDC-42A3-9474-1A3956D46DE8}") = "src", "src", "{A1234567-1234-1234-1234-123456789ABC}"
EndProject
Project("{2150E333-8FDC-42A3-9474-1A3956D46DE8}") = "tests", "tests", "{B1234567-1234-1234-1234-123456789ABC}"
EndProject
Project("{FAE04EC0-301F-11D3-BF4B-00C04F79EFBC}") = "Rcv.Core", "src\Rcv.Core\Rcv.Core.csproj", "{65DBA237-497C-DD09-73FE-CC655F72870D}"
EndProject
Project("{FAE04EC0-301F-11D3-BF4B-00C04F79EFBC}") = "Rcv.Core.Tests", "tests\Rcv.Core.Tests\Rcv.Core.Tests.csproj", "{965B254B-3076-4337-9862-5E18FF999D40}"
EndProject
Project("{FAE04EC0-301F-11D3-BF4B-00C04F79EFBC}") = "Rcv.Web.Api", "src\Rcv.Web.Api\Rcv.Web.Api.csproj", "{843069A4-0E21-44BB-8783-B27FC268005B}"
EndProject
Project("{FAE04EC0-301F-11D3-BF4B-00C04F79EFBC}") = "Rcv.Web.Api.Tests", "tests\Rcv.Web.Api.Tests\Rcv.Web.Api.Tests.csproj", "{2BFC02CD-83AE-40EB-8B29-25ECB310F40F}"
EndProject
Global
	GlobalSection(SolutionConfigurationPlatforms) = preSolution
		Debug|Any CPU = Debug|Any CPU
		Debug|x64 = Debug|x64
		Debug|x86 = Debug|x86
		Release|Any CPU = Release|Any CPU
		Release|x64 = Release|x64
		Release|x86 = Release|x86
	EndGlobalSection
	GlobalSection(ProjectConfigurationPlatforms) = postSolution
		{65DBA237-497C-DD09-73FE-CC655F72870D}.Debug|Any CPU.ActiveCfg = Debug|Any CPU
		{65DBA237-497C-DD09-73FE-CC655F72870D}.Debug|Any CPU.Build.0 = Debug|Any CPU
		{65DBA237-497C-DD09-73FE-CC655F72870D}.Debug|x64.ActiveCfg = Debug|Any CPU
		{65DBA237-497C-DD09-73FE-CC655F72870D}.Debug|x64.Build.0 = Debug|Any CPU
		{65DBA237-497C-DD09-73FE-CC655F72870D}.Debug|x86.ActiveCfg = Debug|Any CPU
		{65DBA237-497C-DD09-73FE-CC655F72870D}.Debug|x86.Build.0 = Debug|Any CPU
		{65DBA237-497C-DD09-73FE-CC655F72870D}.Release|Any CPU.ActiveCfg = Release|Any CPU
		{65DBA237-497C-DD09-73FE-CC655F72870D}.Release|Any CPU.Build.0 = Release|Any CPU
		{65DBA237-497C-DD09-73FE-CC655F72870D}.Release|x64.ActiveCfg = Release|Any CPU
		{65DBA237-497C-DD09-73FE-CC655F72870D}.Release|x64.Build.0 = Release|Any CPU
		{65DBA237-497C-DD09-73FE-CC655F72870D}.Release|x86.ActiveCfg = Release|Any CPU
		{65DBA237-497C-DD09-73FE-CC655F72870D}.Release|x86.Build.0 = Release|Any CPU
		{965B254B-3076-4337-9862-5E18FF999D40}.Debug|Any CPU.ActiveCfg = Debug|Any CPU
		{965B254B-3076-4337-9862-5E18FF999D40}.Debug|Any CPU.Build.0 = Debug|Any CPU
		{965B254B-3076-4337-9862-5E18FF999D40}.Debug|x64.ActiveCfg = Debug|Any CPU
		{965B254B-3076-4337-9862-5E18FF999D40}.Debug|x64.Build.0 = Debug|Any CPU
		{965B254B-3076-4337-9862-5E18FF999D40}.Debug|x86.ActiveCfg = Debug|Any CPU
		{965B254B-3076-4337-9862-5E18FF999D40}.Debug|x86.Build.0 = Debug|Any CPU
		{965B254B-3076-4337-9862-5E18FF999D40}.Release|Any CPU.ActiveCfg = Release|Any CPU
		{965B254B-3076-4337-9862-5E18FF999D40}.Release|Any CPU.Build.0 = Release|Any CPU
		{965B254B-3076-4337-9862-5E18FF999D40}.Release|x64.ActiveCfg = Release|Any CPU
		{965B254B-3076-4337-9862-5E18FF999D40}.Release|x64.Build.0 = Release|Any CPU
		{965B254B-3076-4337-9862-5E18FF999D40}.Release|x86.ActiveCfg = Release|Any CPU
		{965B254B-3076-4337-9862-5E18FF999D40}.Release|x86.Build.0 = Release|Any CPU
		{843069A4-0E21-44BB-8783-B27FC268005B}.Debug|Any CPU.ActiveCfg = Debug|Any CPU
		{843069A4-0E21-44BB-8783-B27FC268005B}.Debug|Any CPU.Build.0 = Debug|Any CPU
		{843069A4-0E21-44BB-8783-B27FC268005B}.Debug|x64.ActiveCfg = Debug|Any CPU
		{843069A4-0E21-44BB-8783-B27FC268005B}.Debug|x64.Build.0 = Debug|Any CPU
		{843069A4-0E21-44BB-8783-B27FC268005B}.Debug|x86.ActiveCfg = Debug|Any CPU
		{843069A4-0E21-44BB-8783-B27FC268005B}.Debug|x86.Build.0 = Debug|Any CPU
		{843069A4-0E21-44BB-8783-B27FC268005B}.Release|Any CPU.ActiveCfg = Release|Any CPU
		{843069A4-0E21-44BB-8783-B27FC268005B}.Release|Any CPU.Build.0 = Release|Any CPU
		{843069A4-0E21-44BB-8783-B27FC268005B}.Release|x64.ActiveCfg = Release|Any CPU
		{843069A4-0E21-44BB-8783-B27FC268005B}.Release|x64.Build.0 = Release|Any CPU
		{843069A4-0E21-44BB-8783-B27FC268005B}.Release|x86.ActiveCfg = Release|Any CPU
		{843069A4-0E21-44BB-8783-B27FC268005B}.Release|x86.Build.0 = Release|Any CPU
		{2BFC02CD-83AE-40EB-8B29-25ECB310F40F}.Debug|Any CPU.ActiveCfg = Debug|Any CPU
		{2BFC02CD-83AE-40EB-8B29-25ECB310F40F}.Debug|Any CPU.Build.0 = Debug|Any CPU
		{2BFC02CD-83AE-40EB-8B29-25ECB310F40F}.Debug|x64.ActiveCfg = Debug|Any CPU
		{2BFC02CD-83AE-40EB-8B29-25ECB310F40F}.Debug|x64.Build.0 = Debug|Any CPU
		{2BFC02CD-83AE-40EB-8B29-25ECB310F40F}.Debug|x86.ActiveCfg = Debug|Any CPU
		{2BFC02CD-83AE-40EB-8B29-25ECB310F40F}.Debug|x86.Build.0 = Debug|Any CPU
		{2BFC02CD-83AE-40EB-8B29-25ECB310F40F}.Release|Any CPU.ActiveCfg = Release|Any CPU
		{2BFC02CD-83AE-40EB-8B29-25ECB310F40F}.Release|Any CPU.Build.0 = Release|Any CPU
		{2BFC02CD-83AE-40EB-8B29-25ECB310F40F}.Release|x64.ActiveCfg = Release|Any CPU
		{2BFC02CD-83AE-40EB-8B29-25ECB310F40F}.Release|x64.Build.0 = Release|Any CPU
		{2BFC02CD-83AE-40EB-8B29-25ECB310F40F}.Release|x86.ActiveCfg = Release|Any CPU
		{2BFC02CD-83AE-40EB-8B29-25ECB310F40F}.Release|x86.Build.0 = Release|Any CPU
	EndGlobalSection
	GlobalSection(SolutionProperties) = preSolution
		HideSolutionNode = FALSE
	EndGlobalSection
	GlobalSection(NestedProjects) = preSolution
		{65DBA237-497C-DD09-73FE-CC655F72870D} = {A1234567-1234-1234-1234-123456789ABC}
		{965B254B-3076-4337-9862-5E18FF999D40} = {B1234567-1234-1234-1234-123456789ABC}
		{843069A4-0E21-44BB-8783-B27FC268005B} = {A1234567-1234-1234-1234-123456789ABC}
		{2BFC02CD-83AE-40EB-8B29-25ECB310F40F} = {B1234567-1234-1234-1234-123456789ABC}
	EndGlobalSection
	GlobalSection(ExtensibilityGlobals) = postSolution
		SolutionGuid = {5ED5BB55-D56E-4F1D-886C-D82AC4E9B757}
	EndGlobalSection
EndGlobal
